
Microsoft Visual Studio Solution File, Format Version 12.00
# Visual Studio Version 16
VisualStudioVersion = 16.0.29613.14
MinimumVisualStudioVersion = 10.0.40219.1
Project("{9A19103F-16F7-4668-BE54-9A1E7A4F7556}") = "QueryableVsEnumerable", "QueryableVsEnumerable\QueryableVsEnumerable.csproj", "{4EA17DA0-EF1A-4261-9619-3319956B73E2}"
EndProject
Project("{2150E333-8FDC-42A3-9474-1A3956D46DE8}") = "Solution Items", "Solution Items", "{13CBFA43-14D8-4CD6-B228-CB93228698BA}"
EndProject
Global
	GlobalSection(SolutionConfigurationPlatforms) = preSolution
		Debug|Any CPU = Debug|Any CPU
		Release|Any CPU = Release|Any CPU
	EndGlobalSection
	GlobalSection(ProjectConfigurationPlatforms) = postSolution
		{4EA17DA0-EF1A-4261-9619-3319956B73E2}.Debug|Any CPU.ActiveCfg = Debug|Any CPU
		{4EA17DA0-EF1A-4261-9619-3319956B73E2}.Debug|Any CPU.Build.0 = Debug|Any CPU
		{4EA17DA0-EF1A-4261-9619-3319956B73E2}.Release|Any CPU.ActiveCfg = Release|Any CPU
		{4EA17DA0-EF1A-4261-9619-3319956B73E2}.Release|Any CPU.Build.0 = Release|Any CPU
	EndGlobalSection
	GlobalSection(SolutionProperties) = preSolution
		HideSolutionNode = FALSE
	EndGlobalSection
	GlobalSection(ExtensibilityGlobals) = postSolution
		SolutionGuid = {99925DD6-4D8E-4AB2-86BD-3214799FC433}
	EndGlobalSection
EndGlobal
